{
  "nodes": {
    "dagger": {
      "inputs": {
        "nixpkgs": [
          "nixpkgs"
        ]
      },
      "locked": {
        "lastModified": 1778107833,
        "narHash": "sha256-q5XQep2mpgTPiWwuYB1+L2dsFeACT6sHx8J939iM+HE=",
        "owner": "dagger",
        "repo": "nix",
        "rev": "873cc22ba46b73d4a6c1aa6c102ef3aabc736496",
        "type": "github"
      },
      "original": {
        "owner": "dagger",
        "repo": "nix",
        "type": "github"
      }
    },
    "flake-compat": {
      "flake": false,
      "locked": {
        "lastModified": 1767039857,
        "narHash": "sha256-vNpUSpF5Nuw8xvDLj2KCwwksIbjua2LZCqhV1LNRDns=",
        "owner": "edolstra",
        "repo": "flake-compat",
        "rev": "5edf11c44bc78a0d334f6334cdaf7d60d732daab",
        "type": "github"
      },
      "original": {
        "owner": "edolstra",
        "repo": "flake-compat",
        "type": "github"
      }
    },
    "home-manager": {
      "inputs": {
        "nixpkgs": [
          "nixpkgs"
        ]
      },
      "locked": {
        "lastModified": 1779157263,
        "narHash": "sha256-VbiyZkRf8/qr7ObmlyfOHJsNAW5tyZ4MB1+cUwAwdrw=",
        "owner": "nix-community",
        "repo": "home-manager",
        "rev": "866412a19866b4a8e32d2306a118040afa2b840c",
        "type": "github"
      },
      "original": {
        "owner": "nix-community",
        "repo": "home-manager",
        "type": "github"
      }
    },
    "nix-darwin": {
      "inputs": {
        "nixpkgs": [
          "nixpkgs"
        ]
      },
      "locked": {
        "lastModified": 1779036909,
        "narHash": "sha256-zXcwYQGCT6pzinK+1dBB2ekTVtfxGZAapb3Evdcu4fY=",
        "owner": "LnL7",
        "repo": "nix-darwin",
        "rev": "56c666e108467d87d13508936aade6d567f2a501",
        "type": "github"
      },
      "original": {
        "owner": "LnL7",
        "repo": "nix-darwin",
        "type": "github"
      }
    },
    "nix-index-database": {
      "inputs": {
        "nixpkgs": [
          "nixpkgs"
        ]
      },
      "locked": {
        "lastModified": 1778999127,
        "narHash": "sha256-V5GquqJvAqwFTcpN6hxKSQAtwuJFRUEHmyNKbeaTQDg=",
        "owner": "nix-community",
        "repo": "nix-index-database",
        "rev": "f680e0d3c1dbefe298c423691662e238496890f2",
        "type": "github"
      },
      "original": {
        "owner": "nix-community",
        "repo": "nix-index-database",
        "type": "github"
      }
    },
    "nixos-wsl": {
      "inputs": {
        "flake-compat": "flake-compat",
        "nixpkgs": [
          "nixpkgs"
        ]
      },
      "locked": {
        "lastModified": 1777732699,
        "narHash": "sha256-2uX/XtOWZ/oy2rerRynVhqVA//ZXZ3Fo60PikLHEPQc=",
        "owner": "nix-community",
        "repo": "NixOS-WSL",
        "rev": "5482f113fd31ebac131d1ebeb2ae90bf0d5e41f5",
        "type": "github"
      },
      "original": {
        "owner": "nix-community",
        "ref": "main",
        "repo": "NixOS-WSL",
        "type": "github"
      }
    },
    "nixpkgs": {
      "locked": {
        "lastModified": 1778869304,
        "narHash": "sha256-30sZNZoA1cqF5JNO9fVX+wgiQYjB7HJqqJ4ztCDeBZE=",
        "owner": "nixos",
        "repo": "nixpkgs",
        "rev": "d233902339c02a9c334e7e593de68855ad26c4cb",
        "type": "github"
      },
      "original": {
        "owner": "nixos",
        "ref": "nixos-unstable",
        "repo": "nixpkgs",
        "type": "github"
      }
    },
    "nixpkgs_gemini": {
      "locked": {
        "lastModified": 1763493401,
        "narHash": "sha256-kd3p2FOuy5FV4HTs70EUan4eqtMHMUIkeQwQMYVmppg=",
        "owner": "nixos",
        "repo": "nixpkgs",
        "rev": "af57e99c785f334638402ffd7b5e4565a0379461",
        "type": "github"
      },
      "original": {
        "owner": "nixos",
        "repo": "nixpkgs",
        "rev": "af57e99c785f334638402ffd7b5e4565a0379461",
        "type": "github"
      }
    },
    "nixpkgs_master": {
      "locked": {
        "lastModified": 1779166884,
        "narHash": "sha256-9VsEDdtgj5xVvmenuGkgLXqpiEAHFTgKyrb60IlXkJE=",
        "owner": "nixos",
        "repo": "nixpkgs",
        "rev": "f23bab7757705942a1a113db4453570bbe1362be",
        "type": "github"
      },
      "original": {
        "owner": "nixos",
        "ref": "master",
        "repo": "nixpkgs",
        "type": "github"
      }
    },
    "nixpkgs_stable": {
      "locked": {
        "lastModified": 1779157813,
        "narHash": "sha256-TTo2JKDpscwotozxMF9twiaV815Ai1VIwPRkqmi3X4A=",
        "owner": "nixos",
        "repo": "nixpkgs",
        "rev": "3090f54204349f1d7bf2f0ea1757e9d22991278b",
        "type": "github"
      },
      "original": {
        "owner": "nixos",
        "ref": "release-25.11",
        "repo": "nixpkgs",
        "type": "github"
      }
    },
    "root": {
      "inputs": {
        "dagger": "dagger",
        "home-manager": "home-manager",
        "nix-darwin": "nix-darwin",
        "nix-index-database": "nix-index-database",
        "nixos-wsl": "nixos-wsl",
        "nixpkgs": "nixpkgs",
        "nixpkgs_gemini": "nixpkgs_gemini",
        "nixpkgs_master": "nixpkgs_master",
        "nixpkgs_stable": "nixpkgs_stable"
      }
    }
  },
  "root": "root",
  "version": 7
}
