{
  "nodes": {
    "dagger": {
      "inputs": {
        "nixpkgs": [
          "nixpkgs"
        ]
      },
      "locked": {
        "lastModified": 1762539092,
        "narHash": "sha256-bUbFZGGl1nMs6/gc1ifBuFGG3U37e6gieK6xRKhMAsk=",
        "owner": "dagger",
        "repo": "nix",
        "rev": "42b32a9eb8cab302143f3117b5913c384e7f5d67",
        "type": "github"
      },
      "original": {
        "owner": "dagger",
        "repo": "nix",
        "type": "github"
      }
    },
    "home-manager": {
      "inputs": {
        "nixpkgs": [
          "nixpkgs"
        ]
      },
      "locked": {
        "lastModified": 1763416652,
        "narHash": "sha256-8EBEEvtzQ11LCxpQHMNEBQAGtQiCu/pqP9zSovDSbNM=",
        "owner": "nix-community",
        "repo": "home-manager",
        "rev": "ea164b7c9ccdc2321379c2ff78fd4317b4c41312",
        "type": "github"
      },
      "original": {
        "owner": "nix-community",
        "repo": "home-manager",
        "type": "github"
      }
    },
    "nix-index-database": {
      "inputs": {
        "nixpkgs": [
          "nixpkgs"
        ]
      },
      "locked": {
        "lastModified": 1763265660,
        "narHash": "sha256-Ad9Rd3ZAidrH01xP73S3CjPiyXo7ywZs3uCESjPwUdc=",
        "owner": "nix-community",
        "repo": "nix-index-database",
        "rev": "469ef53571ea80890c9497952787920c79c1ee6e",
        "type": "github"
      },
      "original": {
        "owner": "nix-community",
        "repo": "nix-index-database",
        "type": "github"
      }
    },
    "nixpkgs": {
      "locked": {
        "lastModified": 1763421233,
        "narHash": "sha256-Stk9ZYRkGrnnpyJ4eqt9eQtdFWRRIvMxpNRf4sIegnw=",
        "owner": "nixos",
        "repo": "nixpkgs",
        "rev": "89c2b2330e733d6cdb5eae7b899326930c2c0648",
        "type": "github"
      },
      "original": {
        "owner": "nixos",
        "ref": "nixos-unstable",
        "repo": "nixpkgs",
        "type": "github"
      }
    },
    "nixpkgs_stable": {
      "locked": {
        "lastModified": 1763544195,
        "narHash": "sha256-RQd61fDW3hnvIsE+fbGPiu4U4kV9kNEksweGfYMEvyE=",
        "owner": "nixos",
        "repo": "nixpkgs",
        "rev": "2e948201e2d01325521b131f02dee4079f2a0fdf",
        "type": "github"
      },
      "original": {
        "owner": "nixos",
        "ref": "release-25.05",
        "repo": "nixpkgs",
        "type": "github"
      }
    },
    "root": {
      "inputs": {
        "dagger": "dagger",
        "home-manager": "home-manager",
        "nix-index-database": "nix-index-database",
        "nixpkgs": "nixpkgs",
        "nixpkgs_stable": "nixpkgs_stable"
      }
    }
  },
  "root": "root",
  "version": 7
}
