{
  "nodes": {
    "nix-darwin": {
      "inputs": {
        "nixpkgs": [
          "nixpkgs"
        ]
      },
      "locked": {
        "lastModified": 1768220509,
        "narHash": "sha256-8wMrJP/Xk5Dkm0TxzaERLt3eGFEhHTWaJKUpK3AoL4o=",
        "owner": "nix-darwin",
        "repo": "nix-darwin",
        "rev": "7b1d394e7d9112d4060e12ef3271b38a7c43e83b",
        "type": "github"
      },
      "original": {
        "owner": "nix-darwin",
        "ref": "master",
        "repo": "nix-darwin",
        "type": "github"
      }
    },
    "nixpkgs": {
      "locked": {
        "lastModified": 1768178648,
        "narHash": "sha256-kz/F6mhESPvU1diB7tOM3nLcBfQe7GU7GQCymRlTi/s=",
        "owner": "NixOS",
        "repo": "nixpkgs",
        "rev": "3fbab70c6e69c87ea2b6e48aa6629da2aa6a23b0",
        "type": "github"
      },
      "original": {
        "owner": "NixOS",
        "ref": "nixpkgs-unstable",
        "repo": "nixpkgs",
        "type": "github"
      }
    },
    "root": {
      "inputs": {
        "nix-darwin": "nix-darwin",
        "nixpkgs": "nixpkgs"
      }
    }
  },
  "root": "root",
  "version": 7
}
